
Microsoft Visual Studio Solution File, Format Version 12.00
# Visual Studio Version 16
VisualStudioVersion = 16.0.31911.196
MinimumVisualStudioVersion = 10.0.40219.1
Project("{FAE04EC0-301F-11D3-BF4B-00C04F79EFBC}") = "Practice", "Practice\Practice.csproj", "{A80951CE-8498-4396-8596-39561CC79C6A}"
EndProject
Global
	GlobalSection(SolutionConfigurationPlatforms) = preSolution
		Debug|Any CPU = Debug|Any CPU
		Release|Any CPU = Release|Any CPU
	EndGlobalSection
	GlobalSection(ProjectConfigurationPlatforms) = postSolution
		{A80951CE-8498-4396-8596-39561CC79C6A}.Debug|Any CPU.ActiveCfg = Debug|Any CPU
		{A80951CE-8498-4396-8596-39561CC79C6A}.Debug|Any CPU.Build.0 = Debug|Any CPU
		{A80951CE-8498-4396-8596-39561CC79C6A}.Release|Any CPU.ActiveCfg = Release|Any CPU
		{A80951CE-8498-4396-8596-39561CC79C6A}.Release|Any CPU.Build.0 = Release|Any CPU
	EndGlobalSection
	GlobalSection(SolutionProperties) = preSolution
		HideSolutionNode = FALSE
	EndGlobalSection
	GlobalSection(ExtensibilityGlobals) = postSolution
		SolutionGuid = {95288A04-1A24-4288-8F08-BB3208D46270}
	EndGlobalSection
EndGlobal
